// !$*UTF8*$!
{
	archiveVersion = 1;
	classes = {
	};
	objectVersion = 77;
	objects = {

/* Begin PBXContainerItemProxy section */
		D49FFAFA2EDC1AEC004CCE28 /* PBXContainerItemProxy */ = {
			isa = PBXContainerItemProxy;
			containerPortal = D49FFAE12EDC1AEA004CCE28 /* Project object */;
			proxyType = 1;
			remoteGlobalIDString = D49FFAE82EDC1AEA004CCE28;
			remoteInfo = ProductivityDashboard;
		};
		D49FFB042EDC1AEC004CCE28 /* PBXContainerItemProxy */ = {
			isa = PBXContainerItemProxy;
			containerPortal = D49FFAE12EDC1AEA004CCE28 /* Project object */;
			proxyType = 1;
			remoteGlobalIDString = D49FFAE82EDC1AEA004CCE28;
			remoteInfo = ProductivityDashboard;
		};
/* End PBXContainerItemProxy section */

/* Begin PBXFileReference section */
		D49FFAE92EDC1AEA004CCE28 /* ProductivityDashboard.app */ = {isa = PBXFileReference; explicitFileType = wrapper.application; includeInIndex = 0; path = ProductivityDashboard.app; sourceTree = BUILT_PRODUCTS_DIR; };
		D49FFAF92EDC1AEC004CCE28 /* ProductivityDashboardTests.xctest */ = {isa = PBXFileReference; explicitFileType = wrapper.cfbundle; includeInIndex = 0; path = ProductivityDashboardTests.xctest; sourceTree = BUILT_PRODUCTS_DIR; };
		D49FFB032EDC1AEC004CCE28 /* ProductivityDashboardUITests.xctest */ = {isa = PBXFileReference; explicitFileType = wrapper.cfbundle; includeInIndex = 0; path = ProductivityDashboardUITests.xctest; sourceTree = BUILT_PRODUCTS_DIR; };
/* End PBXFileReference section */

/* Begin PBXFileSystemSynchronizedRootGroup section */
		D49FFAEB2EDC1AEA004CCE28 /* ProductivityDashboard */ = {
			isa = PBXFileSystemSynchronizedRootGroup;
			path = ProductivityDashboard;
			sourceTree = "<group>";
		};
		D49FFAFC2EDC1AEC004CCE28 /* ProductivityDashboardTests */ = {
			isa = PBXFileSystemSynchronizedRootGroup;
			path = ProductivityDashboardTests;
			sourceTree = "<group>";
		};
		D49FFB062EDC1AEC004CCE28 /* ProductivityDashboardUITests */ = {
			isa = PBXFileSystemSynchronizedRootGroup;
			path = ProductivityDashboardUITests;
			sourceTree = "<group>";
		};
/* End PBXFileSystemSynchronizedRootGroup section */

/* Begin PBXFrameworksBuildPhase section */
		D49FFAE62EDC1AEA004CCE28 /* Frameworks */ = {
			isa = PBXFrameworksBuildPhase;
			buildActionMask = 2147483647;
			files = (
			);
			runOnlyForDeploymentPostprocessing = 0;
		};
		D49FFAF62EDC1AEC004CCE28 /* Frameworks */ = {
			isa = PBXFrameworksBuildPhase;
			buildActionMask = 2147483647;
			files = (
			);
			runOnlyForDeploymentPostprocessing = 0;
		};
		D49FFB002EDC1AEC004CCE28 /* Frameworks */ = {
			isa = PBXFrameworksBuildPhase;
			buildActionMask = 2147483647;
			files = (
			);
			runOnlyForDeploymentPostprocessing = 0;
		};
/* End PBXFrameworksBuildPhase section */

/* Begin PBXGroup section */
		D49FFAE02EDC1AEA004CCE28 = {
			isa = PBXGroup;
			children = (
				D49FFAEB2EDC1AEA004CCE28 /* ProductivityDashboard */,
				D49FFAFC2EDC1AEC004CCE28 /* ProductivityDashboardTests */,
				D49FFB062EDC1AEC004CCE28 /* ProductivityDashboardUITests */,
				D49FFAEA2EDC1AEA004CCE28 /* Products */,
			);
			sourceTree = "<group>";
		};
		D49FFAEA2EDC1AEA004CCE28 /* Products */ = {
			isa = PBXGroup;
			children = (
				D49FFAE92EDC1AEA004CCE28 /* ProductivityDashboard.app */,
				D49FFAF92EDC1AEC004CCE28 /* ProductivityDashboardTests.xctest */,
				D49FFB032EDC1AEC004CCE28 /* ProductivityDashboardUITests.xctest */,
			);
			name = Products;
			sourceTree = "<group>";
		};
/* End PBXGroup section */

/* Begin PBXNativeTarget section */
		D49FFAE82EDC1AEA004CCE28 /* ProductivityDashboard */ = {
			isa = PBXNativeTarget;
			buildConfigurationList = D49FFB0D2EDC1AEC004CCE28 /* Build configuration list for PBXNativeTarget "ProductivityDashboard" */;
			buildPhases = (
				D49FFAE52EDC1AEA004CCE28 /* Sources */,
				D49FFAE62EDC1AEA004CCE28 /* Frameworks */,
				D49FFAE72EDC1AEA004CCE28 /* Resources */,
			);
			buildRules = (
			);
			dependencies = (
			);
			fileSystemSynchronizedGroups = (
				D49FFAEB2EDC1AEA004CCE28 /* ProductivityDashboard */,
			);
			name = ProductivityDashboard;
			packageProductDependencies = (
			);
			productName = ProductivityDashboard;
			productReference = D49FFAE92EDC1AEA004CCE28 /* ProductivityDashboard.app */;
			productType = "com.apple.product-type.application";
		};
		D49FFAF82EDC1AEC004CCE28 /* ProductivityDashboardTests */ = {
			isa = PBXNativeTarget;
			buildConfigurationList = D49FFB102EDC1AEC004CCE28 /* Build configuration list for PBXNativeTarget "ProductivityDashboardTests" */;
			buildPhases = (
				D49FFAF52EDC1AEC004CCE28 /* Sources */,
				D49FFAF62EDC1AEC004CCE28 /* Frameworks */,
				D49FFAF72EDC1AEC004CCE28 /* Resources */,
			);
			buildRules = (
			);
			dependencies = (
				D49FFAFB2EDC1AEC004CCE28 /* PBXTargetDependency */,
			);
			fileSystemSynchronizedGroups = (
				D49FFAFC2EDC1AEC004CCE28 /* ProductivityDashboardTests */,
			);
			name = ProductivityDashboardTests;
			packageProductDependencies = (
			);
			productName = ProductivityDashboardTests;
			productReference = D49FFAF92EDC1AEC004CCE28 /* ProductivityDashboardTests.xctest */;
			productType = "com.apple.product-type.bundle.unit-test";
		};
		D49FFB022EDC1AEC004CCE28 /* ProductivityDashboardUITests */ = {
			isa = PBXNativeTarget;
			buildConfigurationList = D49FFB132EDC1AEC004CCE28 /* Build configuration list for PBXNativeTarget "ProductivityDashboardUITests" */;
			buildPhases = (
				D49FFAFF2EDC1AEC004CCE28 /* Sources */,
				D49FFB002EDC1AEC004CCE28 /* Frameworks */,
				D49FFB012EDC1AEC004CCE28 /* Resources */,
			);
			buildRules = (
			);
			dependencies = (
				D49FFB052EDC1AEC004CCE28 /* PBXTargetDependency */,
			);
			fileSystemSynchronizedGroups = (
				D49FFB062EDC1AEC004CCE28 /* ProductivityDashboardUITests */,
			);
			name = ProductivityDashboardUITests;
			packageProductDependencies = (
			);
			productName = ProductivityDashboardUITests;
			productReference = D49FFB032EDC1AEC004CCE28 /* ProductivityDashboardUITests.xctest */;
			productType = "com.apple.product-type.bundle.ui-testing";
		};
/* End PBXNativeTarget section */

/* Begin PBXProject section */
		D49FFAE12EDC1AEA004CCE28 /* Project object */ = {
			isa = PBXProject;
			attributes = {
				BuildIndependentTargetsInParallel = 1;
				LastSwiftUpdateCheck = 1620;
				LastUpgradeCheck = 1620;
				TargetAttributes = {
					D49FFAE82EDC1AEA004CCE28 = {
						CreatedOnToolsVersion = 16.2;
					};
					D49FFAF82EDC1AEC004CCE28 = {
						CreatedOnToolsVersion = 16.2;
						TestTargetID = D49FFAE82EDC1AEA004CCE28;
					};
					D49FFB022EDC1AEC004CCE28 = {
						CreatedOnToolsVersion = 16.2;
						TestTargetID = D49FFAE82EDC1AEA004CCE28;
					};
				};
			};
			buildConfigurationList = D49FFAE42EDC1AEA004CCE28 /* Build configuration list for PBXProject "ProductivityDashboard" */;
			developmentRegion = en;
			hasScannedForEncodings = 0;
			knownRegions = (
				en,
				Base,
			);
			mainGroup = D49FFAE02EDC1AEA004CCE28;
			minimizedProjectReferenceProxies = 1;
			preferredProjectObjectVersion = 77;
			productRefGroup = D49FFAEA2EDC1AEA004CCE28 /* Products */;
			projectDirPath = "";
			projectRoot = "";
			targets = (
				D49FFAE82EDC1AEA004CCE28 /* ProductivityDashboard */,
				D49FFAF82EDC1AEC004CCE28 /* ProductivityDashboardTests */,
				D49FFB022EDC1AEC004CCE28 /* ProductivityDashboardUITests */,
			);
		};
/* End PBXProject section */

/* Begin PBXResourcesBuildPhase section */
		D49FFAE72EDC1AEA004CCE28 /* Resources */ = {
			isa = PBXResourcesBuildPhase;
			buildActionMask = 2147483647;
			files = (
			);
			runOnlyForDeploymentPostprocessing = 0;
		};
		D49FFAF72EDC1AEC004CCE28 /* Resources */ = {
			isa = PBXResourcesBuildPhase;
			buildActionMask = 2147483647;
			files = (
			);
			runOnlyForDeploymentPostprocessing = 0;
		};
		D49FFB012EDC1AEC004CCE28 /* Resources */ = {
			isa = PBXResourcesBuildPhase;
			buildActionMask = 2147483647;
			files = (
			);
			runOnlyForDeploymentPostprocessing = 0;
		};
/* End PBXResourcesBuildPhase section */

/* Begin PBXSourcesBuildPhase section */
		D49FFAE52EDC1AEA004CCE28 /* Sources */ = {
			isa = PBXSourcesBuildPhase;
			buildActionMask = 2147483647;
			files = (
			);
			runOnlyForDeploymentPostprocessing = 0;
		};
		D49FFAF52EDC1AEC004CCE28 /* Sources */ = {
			isa = PBXSourcesBuildPhase;
			buildActionMask = 2147483647;
			files = (
			);
			runOnlyForDeploymentPostprocessing = 0;
		};
		D49FFAFF2EDC1AEC004CCE28 /* Sources */ = {
			isa = PBXSourcesBuildPhase;
			buildActionMask = 2147483647;
			files = (
			);
			runOnlyForDeploymentPostprocessing = 0;
		};
/* End PBXSourcesBuildPhase section */

/* Begin PBXTargetDependency section */
		D49FFAFB2EDC1AEC004CCE28 /* PBXTargetDependency */ = {
			isa = PBXTargetDependency;
			target = D49FFAE82EDC1AEA004CCE28 /* ProductivityDashboard */;
			targetProxy = D49FFAFA2EDC1AEC004CCE28 /* PBXContainerItemProxy */;
		};
		D49FFB052EDC1AEC004CCE28 /* PBXTargetDependency */ = {
			isa = PBXTargetDependency;
			target = D49FFAE82EDC1AEA004CCE28 /* ProductivityDashboard */;
			targetProxy = D49FFB042EDC1AEC004CCE28 /* PBXContainerItemProxy */;
		};
/* End PBXTargetDependency section */

/* Begin XCBuildConfiguration section */
		D49FFB0B2EDC1AEC004CCE28 /* Debug */ = {
			isa = XCBuildConfiguration;
			buildSettings = {
				ALWAYS_SEARCH_USER_PATHS = NO;
				ASSETCATALOG_COMPILER_GENERATE_SWIFT_ASSET_SYMBOL_EXTENSIONS = YES;
				CLANG_ANALYZER_NONNULL = YES;
				CLANG_ANALYZER_NUMBER_OBJECT_CONVERSION = YES_AGGRESSIVE;
				CLANG_CXX_LANGUAGE_STANDARD = "gnu++20";
				CLANG_ENABLE_MODULES = YES;
				CLANG_ENABLE_OBJC_ARC = YES;
				CLANG_ENABLE_OBJC_WEAK = YES;
				CLANG_WARN_BLOCK_CAPTURE_AUTORELEASING = YES;
				CLANG_WARN_BOOL_CONVERSION = YES;
				CLANG_WARN_COMMA = YES;
				CLANG_WARN_CONSTANT_CONVERSION = YES;
				CLANG_WARN_DEPRECATED_OBJC_IMPLEMENTATIONS = YES;
				CLANG_WARN_DIRECT_OBJC_ISA_USAGE = YES_ERROR;
				CLANG_WARN_DOCUMENTATION_COMMENTS = YES;
				CLANG_WARN_EMPTY_BODY = YES;
				CLANG_WARN_ENUM_CONVERSION = YES;
				CLANG_WARN_INFINITE_RECURSION = YES;
				CLANG_WARN_INT_CONVERSION = YES;
				CLANG_WARN_NON_LITERAL_NULL_CONVERSION = YES;
				CLANG_WARN_OBJC_IMPLICIT_RETAIN_SELF = YES;
				CLANG_WARN_OBJC_LITERAL_CONVERSION = YES;
				CLANG_WARN_OBJC_ROOT_CLASS = YES_ERROR;
				CLANG_WARN_QUOTED_INCLUDE_IN_FRAMEWORK_HEADER = YES;
				CLANG_WARN_RANGE_LOOP_ANALYSIS = YES;
				CLANG_WARN_STRICT_PROTOTYPES = YES;
				CLANG_WARN_SUSPICIOUS_MOVE = YES;
				CLANG_WARN_UNGUARDED_AVAILABILITY = YES_AGGRESSIVE;
				CLANG_WARN_UNREACHABLE_CODE = YES;
				CLANG_WARN__DUPLICATE_METHOD_MATCH = YES;
				COPY_PHASE_STRIP = NO;
				DEBUG_INFORMATION_FORMAT = dwarf;
				ENABLE_STRICT_OBJC_MSGSEND = YES;
				ENABLE_TESTABILITY = YES;
				ENABLE_USER_SCRIPT_SANDBOXING = YES;
				GCC_C_LANGUAGE_STANDARD = gnu17;
				GCC_DYNAMIC_NO_PIC = NO;
				GCC_NO_COMMON_BLOCKS = YES;
				GCC_OPTIMIZATION_LEVEL = 0;
				GCC_PREPROCESSOR_DEFINITIONS = (
					"DEBUG=1",
					"$(inherited)",
				);
				GCC_WARN_64_TO_32_BIT_CONVERSION = YES;
				GCC_WARN_ABOUT_RETURN_TYPE = YES_ERROR;
				GCC_WARN_UNDECLARED_SELECTOR = YES;
				GCC_WARN_UNINITIALIZED_AUTOS = YES_AGGRESSIVE;
				GCC_WARN_UNUSED_FUNCTION = YES;
				GCC_WARN_UNUSED_VARIABLE = YES;
				IPHONEOS_DEPLOYMENT_TARGET = 18.2;
				LOCALIZATION_PREFERS_STRING_CATALOGS = YES;
				MTL_ENABLE_DEBUG_INFO = INCLUDE_SOURCE;
				MTL_FAST_MATH = YES;
				ONLY_ACTIVE_ARCH = YES;
				SDKROOT = iphoneos;
				SWIFT_ACTIVE_COMPILATION_CONDITIONS = "DEBUG $(inherited)";
				SWIFT_OPTIMIZATION_LEVEL = "-Onone";
			};
			name = Debug;
		};
		D49FFB0C2EDC1AEC004CCE28 /* Release */ = {
			isa = XCBuildConfiguration;
			buildSettings = {
				ALWAYS_SEARCH_USER_PATHS = NO;
				ASSETCATALOG_COMPILER_GENERATE_SWIFT_ASSET_SYMBOL_EXTENSIONS = YES;
				CLANG_ANALYZER_NONNULL = YES;
				CLANG_ANALYZER_NUMBER_OBJECT_CONVERSION = YES_AGGRESSIVE;
				CLANG_CXX_LANGUAGE_STANDARD = "gnu++20";
				CLANG_ENABLE_MODULES = YES;
				CLANG_ENABLE_OBJC_ARC = YES;
				CLANG_ENABLE_OBJC_WEAK = YES;
				CLANG_WARN_BLOCK_CAPTURE_AUTORELEASING = YES;
				CLANG_WARN_BOOL_CONVERSION = YES;
				CLANG_WARN_COMMA = YES;
				CLANG_WARN_CONSTANT_CONVERSION = YES;
				CLANG_WARN_DEPRECATED_OBJC_IMPLEMENTATIONS = YES;
				CLANG_WARN_DIRECT_OBJC_ISA_USAGE = YES_ERROR;
				CLANG_WARN_DOCUMENTATION_COMMENTS = YES;
				CLANG_WARN_EMPTY_BODY = YES;
				CLANG_WARN_ENUM_CONVERSION = YES;
				CLANG_WARN_INFINITE_RECURSION = YES;
				CLANG_WARN_INT_CONVERSION = YES;
				CLANG_WARN_NON_LITERAL_NULL_CONVERSION = YES;
				CLANG_WARN_OBJC_IMPLICIT_RETAIN_SELF = YES;
				CLANG_WARN_OBJC_LITERAL_CONVERSION = YES;
				CLANG_WARN_OBJC_ROOT_CLASS = YES_ERROR;
				CLANG_WARN_QUOTED_INCLUDE_IN_FRAMEWORK_HEADER = YES;
				CLANG_WARN_RANGE_LOOP_ANALYSIS = YES;
				CLANG_WARN_STRICT_PROTOTYPES = YES;
				CLANG_WARN_SUSPICIOUS_MOVE = YES;
				CLANG_WARN_UNGUARDED_AVAILABILITY = YES_AGGRESSIVE;
				CLANG_WARN_UNREACHABLE_CODE = YES;
				CLANG_WARN__DUPLICATE_METHOD_MATCH = YES;
				COPY_PHASE_STRIP = NO;
				DEBUG_INFORMATION_FORMAT = "dwarf-with-dsym";
				ENABLE_NS_ASSERTIONS = NO;
				ENABLE_STRICT_OBJC_MSGSEND = YES;
				ENABLE_USER_SCRIPT_SANDBOXING = YES;
				GCC_C_LANGUAGE_STANDARD = gnu17;
				GCC_NO_COMMON_BLOCKS = YES;
				GCC_WARN_64_TO_32_BIT_CONVERSION = YES;
				GCC_WARN_ABOUT_RETURN_TYPE = YES_ERROR;
				GCC_WARN_UNDECLARED_SELECTOR = YES;
				GCC_WARN_UNINITIALIZED_AUTOS = YES_AGGRESSIVE;
				GCC_WARN_UNUSED_FUNCTION = YES;
				GCC_WARN_UNUSED_VARIABLE = YES;
				IPHONEOS_DEPLOYMENT_TARGET = 18.2;
				LOCALIZATION_PREFERS_STRING_CATALOGS = YES;
				MTL_ENABLE_DEBUG_INFO = NO;
				MTL_FAST_MATH = YES;
				SDKROOT = iphoneos;
				SWIFT_COMPILATION_MODE = wholemodule;
				VALIDATE_PRODUCT = YES;
			};
			name = Release;
		};
		D49FFB0E2EDC1AEC004CCE28 /* Debug */ = {
			isa = XCBuildConfiguration;
			buildSettings = {
				ASSETCATALOG_COMPILER_APPICON_NAME = AppIcon;
				ASSETCATALOG_COMPILER_GLOBAL_ACCENT_COLOR_NAME = AccentColor;
				CODE_SIGN_STYLE = Automatic;
				CURRENT_PROJECT_VERSION = 1;
				DEVELOPMENT_ASSET_PATHS = "\"ProductivityDashboard/Preview Content\"";
				ENABLE_PREVIEWS = YES;
				GENERATE_INFOPLIST_FILE = YES;
				INFOPLIST_KEY_UIApplicationSceneManifest_Generation = YES;
				INFOPLIST_KEY_UIApplicationSupportsIndirectInputEvents = YES;
				INFOPLIST_KEY_UILaunchScreen_Generation = YES;
				INFOPLIST_KEY_UISupportedInterfaceOrientations_iPad = "UIInterfaceOrientationPortrait UIInterfaceOrientationPortraitUpsideDown UIInterfaceOrientationLandscapeLeft UIInterfaceOrientationLandscapeRight";
				INFOPLIST_KEY_UISupportedInterfaceOrientations_iPhone = "UIInterfaceOrientationPortrait UIInterfaceOrientationLandscapeLeft UIInterfaceOrientationLandscapeRight";
				LD_RUNPATH_SEARCH_PATHS = (
					"$(inherited)",
					"@executable_path/Frameworks",
				);
				MARKETING_VERSION = 1.0;
				PRODUCT_BUNDLE_IDENTIFIER = thefiesphere.ProductivityDashboard;
				PRODUCT_NAME = "$(TARGET_NAME)";
				SWIFT_EMIT_LOC_STRINGS = YES;
				SWIFT_VERSION = 5.0;
				TARGETED_DEVICE_FAMILY = "1,2";
			};
			name = Debug;
		};
		D49FFB0F2EDC1AEC004CCE28 /* Release */ = {
			isa = XCBuildConfiguration;
			buildSettings = {
				ASSETCATALOG_COMPILER_APPICON_NAME = AppIcon;
				ASSETCATALOG_COMPILER_GLOBAL_ACCENT_COLOR_NAME = AccentColor;
				CODE_SIGN_STYLE = Automatic;
				CURRENT_PROJECT_VERSION = 1;
				DEVELOPMENT_ASSET_PATHS = "\"ProductivityDashboard/Preview Content\"";
				ENABLE_PREVIEWS = YES;
				GENERATE_INFOPLIST_FILE = YES;
				INFOPLIST_KEY_UIApplicationSceneManifest_Generation = YES;
				INFOPLIST_KEY_UIApplicationSupportsIndirectInputEvents = YES;
				INFOPLIST_KEY_UILaunchScreen_Generation = YES;
				INFOPLIST_KEY_UISupportedInterfaceOrientations_iPad = "UIInterfaceOrientationPortrait UIInterfaceOrientationPortraitUpsideDown UIInterfaceOrientationLandscapeLeft UIInterfaceOrientationLandscapeRight";
				INFOPLIST_KEY_UISupportedInterfaceOrientations_iPhone = "UIInterfaceOrientationPortrait UIInterfaceOrientationLandscapeLeft UIInterfaceOrientationLandscapeRight";
				LD_RUNPATH_SEARCH_PATHS = (
					"$(inherited)",
					"@executable_path/Frameworks",
				);
				MARKETING_VERSION = 1.0;
				PRODUCT_BUNDLE_IDENTIFIER = thefiesphere.ProductivityDashboard;
				PRODUCT_NAME = "$(TARGET_NAME)";
				SWIFT_EMIT_LOC_STRINGS = YES;
				SWIFT_VERSION = 5.0;
				TARGETED_DEVICE_FAMILY = "1,2";
			};
			name = Release;
		};
		D49FFB112EDC1AEC004CCE28 /* Debug */ = {
			isa = XCBuildConfiguration;
			buildSettings = {
				BUNDLE_LOADER = "$(TEST_HOST)";
				CODE_SIGN_STYLE = Automatic;
				CURRENT_PROJECT_VERSION = 1;
				GENERATE_INFOPLIST_FILE = YES;
				IPHONEOS_DEPLOYMENT_TARGET = 18.2;
				MARKETING_VERSION = 1.0;
				PRODUCT_BUNDLE_IDENTIFIER = thefiesphere.ProductivityDashboardTests;
				PRODUCT_NAME = "$(TARGET_NAME)";
				SWIFT_EMIT_LOC_STRINGS = NO;
				SWIFT_VERSION = 5.0;
				TARGETED_DEVICE_FAMILY = "1,2";
				TEST_HOST = "$(BUILT_PRODUCTS_DIR)/ProductivityDashboard.app/$(BUNDLE_EXECUTABLE_FOLDER_PATH)/ProductivityDashboard";
			};
			name = Debug;
		};
		D49FFB122EDC1AEC004CCE28 /* Release */ = {
			isa = XCBuildConfiguration;
			buildSettings = {
				BUNDLE_LOADER = "$(TEST_HOST)";
				CODE_SIGN_STYLE = Automatic;
				CURRENT_PROJECT_VERSION = 1;
				GENERATE_INFOPLIST_FILE = YES;
				IPHONEOS_DEPLOYMENT_TARGET = 18.2;
				MARKETING_VERSION = 1.0;
				PRODUCT_BUNDLE_IDENTIFIER = thefiesphere.ProductivityDashboardTests;
				PRODUCT_NAME = "$(TARGET_NAME)";
				SWIFT_EMIT_LOC_STRINGS = NO;
				SWIFT_VERSION = 5.0;
				TARGETED_DEVICE_FAMILY = "1,2";
				TEST_HOST = "$(BUILT_PRODUCTS_DIR)/ProductivityDashboard.app/$(BUNDLE_EXECUTABLE_FOLDER_PATH)/ProductivityDashboard";
			};
			name = Release;
		};
		D49FFB142EDC1AEC004CCE28 /* Debug */ = {
			isa = XCBuildConfiguration;
			buildSettings = {
				CODE_SIGN_STYLE = Automatic;
				CURRENT_PROJECT_VERSION = 1;
				GENERATE_INFOPLIST_FILE = YES;
				MARKETING_VERSION = 1.0;
				PRODUCT_BUNDLE_IDENTIFIER = thefiesphere.ProductivityDashboardUITests;
				PRODUCT_NAME = "$(TARGET_NAME)";
				SWIFT_EMIT_LOC_STRINGS = NO;
				SWIFT_VERSION = 5.0;
				TARGETED_DEVICE_FAMILY = "1,2";
				TEST_TARGET_NAME = ProductivityDashboard;
			};
			name = Debug;
		};
		D49FFB152EDC1AEC004CCE28 /* Release */ = {
			isa = XCBuildConfiguration;
			buildSettings = {
				CODE_SIGN_STYLE = Automatic;
				CURRENT_PROJECT_VERSION = 1;
				GENERATE_INFOPLIST_FILE = YES;
				MARKETING_VERSION = 1.0;
				PRODUCT_BUNDLE_IDENTIFIER = thefiesphere.ProductivityDashboardUITests;
				PRODUCT_NAME = "$(TARGET_NAME)";
				SWIFT_EMIT_LOC_STRINGS = NO;
				SWIFT_VERSION = 5.0;
				TARGETED_DEVICE_FAMILY = "1,2";
				TEST_TARGET_NAME = ProductivityDashboard;
			};
			name = Release;
		};
/* End XCBuildConfiguration section */

/* Begin XCConfigurationList section */
		D49FFAE42EDC1AEA004CCE28 /* Build configuration list for PBXProject "ProductivityDashboard" */ = {
			isa = XCConfigurationList;
			buildConfigurations = (
				D49FFB0B2EDC1AEC004CCE28 /* Debug */,
				D49FFB0C2EDC1AEC004CCE28 /* Release */,
			);
			defaultConfigurationIsVisible = 0;
			defaultConfigurationName = Release;
		};
		D49FFB0D2EDC1AEC004CCE28 /* Build configuration list for PBXNativeTarget "ProductivityDashboard" */ = {
			isa = XCConfigurationList;
			buildConfigurations = (
				D49FFB0E2EDC1AEC004CCE28 /* Debug */,
				D49FFB0F2EDC1AEC004CCE28 /* Release */,
			);
			defaultConfigurationIsVisible = 0;
			defaultConfigurationName = Release;
		};
		D49FFB102EDC1AEC004CCE28 /* Build configuration list for PBXNativeTarget "ProductivityDashboardTests" */ = {
			isa = XCConfigurationList;
			buildConfigurations = (
				D49FFB112EDC1AEC004CCE28 /* Debug */,
				D49FFB122EDC1AEC004CCE28 /* Release */,
			);
			defaultConfigurationIsVisible = 0;
			defaultConfigurationName = Release;
		};
		D49FFB132EDC1AEC004CCE28 /* Build configuration list for PBXNativeTarget "ProductivityDashboardUITests" */ = {
			isa = XCConfigurationList;
			buildConfigurations = (
				D49FFB142EDC1AEC004CCE28 /* Debug */,
				D49FFB152EDC1AEC004CCE28 /* Release */,
			);
			defaultConfigurationIsVisible = 0;
			defaultConfigurationName = Release;
		};
/* End XCConfigurationList section */
	};
	rootObject = D49FFAE12EDC1AEA004CCE28 /* Project object */;
}
